
Microsoft Visual Studio Solution File, Format Version 12.00
# Visual Studio Version 17
VisualStudioVersion = 17.8.34525.116
MinimumVisualStudioVersion = 10.0.40219.1
Project("{9A19103F-16F7-4668-BE54-9A1E7A4F7556}") = "CommandPattern", "CommandPattern\CommandPattern.csproj", "{69E9BECA-5983-4828-BB45-8A6E88EC230E}"
EndProject
Project("{9A19103F-16F7-4668-BE54-9A1E7A4F7556}") = "CommandPatternPractice", "CommandPatternPractice\CommandPatternPractice.csproj", "{85BE2BE8-83DF-4472-90AA-39240111FC3C}"
EndProject
Project("{2150E333-8FDC-42A3-9474-1A3956D46DE8}") = "commad-pattern", "commad-pattern", "{E518CD4C-71F5-4711-B49C-A1FC50B9E9E7}"
EndProject
Project("{2150E333-8FDC-42A3-9474-1A3956D46DE8}") = "strategy-pattern", "strategy-pattern", "{9E5F8168-D9E2-47D3-B83F-3349B0312AAC}"
EndProject
Project("{2150E333-8FDC-42A3-9474-1A3956D46DE8}") = "problem", "problem", "{CFB723D1-8CD0-4262-ACAC-10FE13E725F7}"
EndProject
Project("{2150E333-8FDC-42A3-9474-1A3956D46DE8}") = "solution", "solution", "{4958E64B-D91F-4516-A1BF-27E23BE720D9}"
EndProject
Project("{2150E333-8FDC-42A3-9474-1A3956D46DE8}") = "theory", "theory", "{1A2CBED8-98D0-4CAE-8D09-5B53ACA167CA}"
	ProjectSection(SolutionItems) = preProject
		README.md = README.md
	EndProjectSection
EndProject
Project("{9A19103F-16F7-4668-BE54-9A1E7A4F7556}") = "Strategy-Solution", "Strategy-Solution\Strategy-Solution.csproj", "{D6EA672C-1C01-4579-BA61-7EC0D426B003}"
EndProject
Project("{9A19103F-16F7-4668-BE54-9A1E7A4F7556}") = "Strategy-Problem", "Strategy-Problem\Strategy-Problem.csproj", "{A746DE8B-4D3F-4898-87EB-A93ED5877353}"
EndProject
Project("{2150E333-8FDC-42A3-9474-1A3956D46DE8}") = "observer-pattern", "observer-pattern", "{41206538-652D-401C-8DF8-4A0FF9C11A78}"
EndProject
Project("{2150E333-8FDC-42A3-9474-1A3956D46DE8}") = "Problem", "Problem", "{154C109F-A192-4A37-B882-256C6AFA3893}"
EndProject
Project("{2150E333-8FDC-42A3-9474-1A3956D46DE8}") = "Solution", "Solution", "{5961780E-56B5-49AF-B887-4FB02CD4F7B0}"
EndProject
Project("{2150E333-8FDC-42A3-9474-1A3956D46DE8}") = "Theory", "Theory", "{6DDD1610-12FD-41F5-92D9-C8841BCE051D}"
	ProjectSection(SolutionItems) = preProject
		OBSERVER-PATTERN-README.md = OBSERVER-PATTERN-README.md
	EndProjectSection
EndProject
Project("{9A19103F-16F7-4668-BE54-9A1E7A4F7556}") = "Observer-Problem", "Observer-Problem\Observer-Problem.csproj", "{486CE0A8-FA9E-45F3-B39B-52A4D7D05D96}"
EndProject
Project("{2150E333-8FDC-42A3-9474-1A3956D46DE8}") = "proxy-pattern", "proxy-pattern", "{9B764A00-D2A5-4EE1-A5E6-CFDEDB48186C}"
EndProject
Project("{2150E333-8FDC-42A3-9474-1A3956D46DE8}") = "Problem", "Problem", "{1FC671C3-9401-47C4-88BF-A84929999750}"
EndProject
Project("{2150E333-8FDC-42A3-9474-1A3956D46DE8}") = "Solution", "Solution", "{7F11C13B-0482-46FA-BCCB-BAAD4ADEE8C5}"
EndProject
Project("{2150E333-8FDC-42A3-9474-1A3956D46DE8}") = "Theory", "Theory", "{37CFDFE7-123F-48E0-91BF-B4E78DBD84F5}"
EndProject
Project("{FAE04EC0-301F-11D3-BF4B-00C04F79EFBC}") = "Proxy-Problem", "Proxy-Problem\Proxy-Problem.csproj", "{F68BAB9B-DB99-457D-8422-C29D84E67879}"
EndProject
Project("{FAE04EC0-301F-11D3-BF4B-00C04F79EFBC}") = "Proxy-Solution", "Proxy-Solution\Proxy-Solution.csproj", "{FD484FC7-D78D-4BBF-AD9E-157DF1A14FC4}"
EndProject
Global
	GlobalSection(SolutionConfigurationPlatforms) = preSolution
		Debug|Any CPU = Debug|Any CPU
		Release|Any CPU = Release|Any CPU
	EndGlobalSection
	GlobalSection(ProjectConfigurationPlatforms) = postSolution
		{69E9BECA-5983-4828-BB45-8A6E88EC230E}.Debug|Any CPU.ActiveCfg = Debug|Any CPU
		{69E9BECA-5983-4828-BB45-8A6E88EC230E}.Debug|Any CPU.Build.0 = Debug|Any CPU
		{69E9BECA-5983-4828-BB45-8A6E88EC230E}.Release|Any CPU.ActiveCfg = Release|Any CPU
		{69E9BECA-5983-4828-BB45-8A6E88EC230E}.Release|Any CPU.Build.0 = Release|Any CPU
		{85BE2BE8-83DF-4472-90AA-39240111FC3C}.Debug|Any CPU.ActiveCfg = Debug|Any CPU
		{85BE2BE8-83DF-4472-90AA-39240111FC3C}.Debug|Any CPU.Build.0 = Debug|Any CPU
		{85BE2BE8-83DF-4472-90AA-39240111FC3C}.Release|Any CPU.ActiveCfg = Release|Any CPU
		{85BE2BE8-83DF-4472-90AA-39240111FC3C}.Release|Any CPU.Build.0 = Release|Any CPU
		{D6EA672C-1C01-4579-BA61-7EC0D426B003}.Debug|Any CPU.ActiveCfg = Debug|Any CPU
		{D6EA672C-1C01-4579-BA61-7EC0D426B003}.Debug|Any CPU.Build.0 = Debug|Any CPU
		{D6EA672C-1C01-4579-BA61-7EC0D426B003}.Release|Any CPU.ActiveCfg = Release|Any CPU
		{D6EA672C-1C01-4579-BA61-7EC0D426B003}.Release|Any CPU.Build.0 = Release|Any CPU
		{A746DE8B-4D3F-4898-87EB-A93ED5877353}.Debug|Any CPU.ActiveCfg = Debug|Any CPU
		{A746DE8B-4D3F-4898-87EB-A93ED5877353}.Debug|Any CPU.Build.0 = Debug|Any CPU
		{A746DE8B-4D3F-4898-87EB-A93ED5877353}.Release|Any CPU.ActiveCfg = Release|Any CPU
		{A746DE8B-4D3F-4898-87EB-A93ED5877353}.Release|Any CPU.Build.0 = Release|Any CPU
		{486CE0A8-FA9E-45F3-B39B-52A4D7D05D96}.Debug|Any CPU.ActiveCfg = Debug|Any CPU
		{486CE0A8-FA9E-45F3-B39B-52A4D7D05D96}.Debug|Any CPU.Build.0 = Debug|Any CPU
		{486CE0A8-FA9E-45F3-B39B-52A4D7D05D96}.Release|Any CPU.ActiveCfg = Release|Any CPU
		{486CE0A8-FA9E-45F3-B39B-52A4D7D05D96}.Release|Any CPU.Build.0 = Release|Any CPU
		{F68BAB9B-DB99-457D-8422-C29D84E67879}.Debug|Any CPU.ActiveCfg = Debug|Any CPU
		{F68BAB9B-DB99-457D-8422-C29D84E67879}.Debug|Any CPU.Build.0 = Debug|Any CPU
		{F68BAB9B-DB99-457D-8422-C29D84E67879}.Release|Any CPU.ActiveCfg = Release|Any CPU
		{F68BAB9B-DB99-457D-8422-C29D84E67879}.Release|Any CPU.Build.0 = Release|Any CPU
		{FD484FC7-D78D-4BBF-AD9E-157DF1A14FC4}.Debug|Any CPU.ActiveCfg = Debug|Any CPU
		{FD484FC7-D78D-4BBF-AD9E-157DF1A14FC4}.Debug|Any CPU.Build.0 = Debug|Any CPU
		{FD484FC7-D78D-4BBF-AD9E-157DF1A14FC4}.Release|Any CPU.ActiveCfg = Release|Any CPU
		{FD484FC7-D78D-4BBF-AD9E-157DF1A14FC4}.Release|Any CPU.Build.0 = Release|Any CPU
	EndGlobalSection
	GlobalSection(SolutionProperties) = preSolution
		HideSolutionNode = FALSE
	EndGlobalSection
	GlobalSection(NestedProjects) = preSolution
		{69E9BECA-5983-4828-BB45-8A6E88EC230E} = {E518CD4C-71F5-4711-B49C-A1FC50B9E9E7}
		{85BE2BE8-83DF-4472-90AA-39240111FC3C} = {E518CD4C-71F5-4711-B49C-A1FC50B9E9E7}
		{CFB723D1-8CD0-4262-ACAC-10FE13E725F7} = {9E5F8168-D9E2-47D3-B83F-3349B0312AAC}
		{4958E64B-D91F-4516-A1BF-27E23BE720D9} = {9E5F8168-D9E2-47D3-B83F-3349B0312AAC}
		{1A2CBED8-98D0-4CAE-8D09-5B53ACA167CA} = {9E5F8168-D9E2-47D3-B83F-3349B0312AAC}
		{D6EA672C-1C01-4579-BA61-7EC0D426B003} = {4958E64B-D91F-4516-A1BF-27E23BE720D9}
		{A746DE8B-4D3F-4898-87EB-A93ED5877353} = {CFB723D1-8CD0-4262-ACAC-10FE13E725F7}
		{154C109F-A192-4A37-B882-256C6AFA3893} = {41206538-652D-401C-8DF8-4A0FF9C11A78}
		{5961780E-56B5-49AF-B887-4FB02CD4F7B0} = {41206538-652D-401C-8DF8-4A0FF9C11A78}
		{6DDD1610-12FD-41F5-92D9-C8841BCE051D} = {41206538-652D-401C-8DF8-4A0FF9C11A78}
		{486CE0A8-FA9E-45F3-B39B-52A4D7D05D96} = {154C109F-A192-4A37-B882-256C6AFA3893}
		{1FC671C3-9401-47C4-88BF-A84929999750} = {9B764A00-D2A5-4EE1-A5E6-CFDEDB48186C}
		{7F11C13B-0482-46FA-BCCB-BAAD4ADEE8C5} = {9B764A00-D2A5-4EE1-A5E6-CFDEDB48186C}
		{37CFDFE7-123F-48E0-91BF-B4E78DBD84F5} = {9B764A00-D2A5-4EE1-A5E6-CFDEDB48186C}
		{F68BAB9B-DB99-457D-8422-C29D84E67879} = {1FC671C3-9401-47C4-88BF-A84929999750}
		{FD484FC7-D78D-4BBF-AD9E-157DF1A14FC4} = {7F11C13B-0482-46FA-BCCB-BAAD4ADEE8C5}
	EndGlobalSection
	GlobalSection(ExtensibilityGlobals) = postSolution
		SolutionGuid = {7E7B9916-6629-40BB-BC72-F21FE082316A}
	EndGlobalSection
EndGlobal
